// !$*UTF8*$!
{
	archiveVersion = 1;
	classes = {
	};
	objectVersion = 46;
	objects = {

/* Begin PBXBuildFile section */
		BA5FFD811AD08D87000F9508 /* LoginViewController.m in Sources */ = {isa = PBXBuildFile; fileRef = BA5FFD801AD08D87000F9508 /* LoginViewController.m */; };
		BA6A13701AD1EBA900FC2429 /* SignUpViewController.m in Sources */ = {isa = PBXBuildFile; fileRef = BA6A136F1AD1EBA900FC2429 /* SignUpViewController.m */; };
		BAC1FDE61AD0586900E77405 /* GamesListViewController.m in Sources */ = {isa = PBXBuildFile; fileRef = BAC1FDE51AD0586900E77405 /* GamesListViewController.m */; };
		C82647C31AD397C700EF4081 /* GameEventsListTableViewController.m in Sources */ = {isa = PBXBuildFile; fileRef = C82647C21AD397C600EF4081 /* GameEventsListTableViewController.m */; };
		C8EA13E71A7F438F00AF902A /* main.m in Sources */ = {isa = PBXBuildFile; fileRef = C8EA13E61A7F438F00AF902A /* main.m */; };
		C8EA13EA1A7F438F00AF902A /* AppDelegate.m in Sources */ = {isa = PBXBuildFile; fileRef = C8EA13E91A7F438F00AF902A /* AppDelegate.m */; };
		C8EA13F01A7F438F00AF902A /* Main.storyboard in Resources */ = {isa = PBXBuildFile; fileRef = C8EA13EE1A7F438F00AF902A /* Main.storyboard */; };
		C8EA14011A7F438F00AF902A /* RinkTalkTestingTwoTests.m in Sources */ = {isa = PBXBuildFile; fileRef = C8EA14001A7F438F00AF902A /* RinkTalkTestingTwoTests.m */; };
		C8EA140C1A7F473900AF902A /* RecordEventViewController.m in Sources */ = {isa = PBXBuildFile; fileRef = C8EA140B1A7F473900AF902A /* RecordEventViewController.m */; };
		C8EA140F1A7F49D900AF902A /* EventsListViewController.m in Sources */ = {isa = PBXBuildFile; fileRef = C8EA140E1A7F49D900AF902A /* EventsListViewController.m */; };
		C8EA14111A7F4AA300AF902A /* Parse.framework in Frameworks */ = {isa = PBXBuildFile; fileRef = C8EA14101A7F4AA300AF902A /* Parse.framework */; };
		C8EA14131A7F4AB300AF902A /* Bolts.framework in Frameworks */ = {isa = PBXBuildFile; fileRef = C8EA14121A7F4AB300AF902A /* Bolts.framework */; };
		C8EA14151A7F4AD400AF902A /* AudioToolbox.framework in Frameworks */ = {isa = PBXBuildFile; fileRef = C8EA14141A7F4AD400AF902A /* AudioToolbox.framework */; };
		C8EA14171A7F4ADF00AF902A /* CFNetwork.framework in Frameworks */ = {isa = PBXBuildFile; fileRef = C8EA14161A7F4ADF00AF902A /* CFNetwork.framework */; };
		C8EA14191A7F4AED00AF902A /* CoreGraphics.framework in Frameworks */ = {isa = PBXBuildFile; fileRef = C8EA14181A7F4AED00AF902A /* CoreGraphics.framework */; };
		C8EA141B1A7F4AF800AF902A /* CoreLocation.framework in Frameworks */ = {isa = PBXBuildFile; fileRef = C8EA141A1A7F4AF800AF902A /* CoreLocation.framework */; };
		C8EA141D1A7F4B0100AF902A /* MobileCoreServices.framework in Frameworks */ = {isa = PBXBuildFile; fileRef = C8EA141C1A7F4B0100AF902A /* MobileCoreServices.framework */; };
		C8EA141F1A7F4B0B00AF902A /* QuartzCore.framework in Frameworks */ = {isa = PBXBuildFile; fileRef = C8EA141E1A7F4B0B00AF902A /* QuartzCore.framework */; };
		C8EA14211A7F4B1300AF902A /* Security.framework in Frameworks */ = {isa = PBXBuildFile; fileRef = C8EA14201A7F4B1300AF902A /* Security.framework */; };
		C8EA14231A7F4B1C00AF902A /* StoreKit.framework in Frameworks */ = {isa = PBXBuildFile; fileRef = C8EA14221A7F4B1C00AF902A /* StoreKit.framework */; };
		C8EA14251A7F4B2500AF902A /* SystemConfiguration.framework in Frameworks */ = {isa = PBXBuildFile; fileRef = C8EA14241A7F4B2500AF902A /* SystemConfiguration.framework */; };
		C8EA14271A7F4B2D00AF902A /* libz.dylib in Frameworks */ = {isa = PBXBuildFile; fileRef = C8EA14261A7F4B2D00AF902A /* libz.dylib */; };
		C8EA14291A7F4B3C00AF902A /* libsqlite3.dylib in Frameworks */ = {isa = PBXBuildFile; fileRef = C8EA14281A7F4B3C00AF902A /* libsqlite3.dylib */; };
		C8EA142C1A802BF600AF902A /* Event.m in Sources */ = {isa = PBXBuildFile; fileRef = C8EA142B1A802BF600AF902A /* Event.m */; };
		C8EA143D1A8C149700AF902A /* Media.xcassets in Resources */ = {isa = PBXBuildFile; fileRef = C8EA143C1A8C149700AF902A /* Media.xcassets */; };
		C8EA14571A966CE900AF902A /* Launch Screen.xib in Resources */ = {isa = PBXBuildFile; fileRef = C8EA14561A966CE900AF902A /* Launch Screen.xib */; };
/* End PBXBuildFile section */

/* Begin PBXContainerItemProxy section */
		C8EA13FB1A7F438F00AF902A /* PBXContainerItemProxy */ = {
			isa = PBXContainerItemProxy;
			containerPortal = C8EA13D91A7F438F00AF902A /* Project object */;
			proxyType = 1;
			remoteGlobalIDString = C8EA13E01A7F438F00AF902A;
			remoteInfo = RinkTalkTestingTwo;
		};
/* End PBXContainerItemProxy section */

/* Begin PBXFileReference section */
		BA5FFD7F1AD08D87000F9508 /* LoginViewController.h */ = {isa = PBXFileReference; fileEncoding = 4; lastKnownFileType = sourcecode.c.h; path = LoginViewController.h; sourceTree = "<group>"; };
		BA5FFD801AD08D87000F9508 /* LoginViewController.m */ = {isa = PBXFileReference; fileEncoding = 4; lastKnownFileType = sourcecode.c.objc; path = LoginViewController.m; sourceTree = "<group>"; };
		BA6A136E1AD1EBA900FC2429 /* SignUpViewController.h */ = {isa = PBXFileReference; fileEncoding = 4; lastKnownFileType = sourcecode.c.h; path = SignUpViewController.h; sourceTree = "<group>"; };
		BA6A136F1AD1EBA900FC2429 /* SignUpViewController.m */ = {isa = PBXFileReference; fileEncoding = 4; lastKnownFileType = sourcecode.c.objc; path = SignUpViewController.m; sourceTree = "<group>"; };
		BAC1FDE41AD0586900E77405 /* GamesListViewController.h */ = {isa = PBXFileReference; fileEncoding = 4; lastKnownFileType = sourcecode.c.h; path = GamesListViewController.h; sourceTree = "<group>"; };
		BAC1FDE51AD0586900E77405 /* GamesListViewController.m */ = {isa = PBXFileReference; fileEncoding = 4; lastKnownFileType = sourcecode.c.objc; path = GamesListViewController.m; sourceTree = "<group>"; };
		C82647C11AD397C600EF4081 /* GameEventsListTableViewController.h */ = {isa = PBXFileReference; fileEncoding = 4; lastKnownFileType = sourcecode.c.h; path = GameEventsListTableViewController.h; sourceTree = "<group>"; };
		C82647C21AD397C600EF4081 /* GameEventsListTableViewController.m */ = {isa = PBXFileReference; fileEncoding = 4; lastKnownFileType = sourcecode.c.objc; path = GameEventsListTableViewController.m; sourceTree = "<group>"; };
		C8EA13E11A7F438F00AF902A /* RinkTalkTestingTwo.app */ = {isa = PBXFileReference; explicitFileType = wrapper.application; includeInIndex = 0; path = RinkTalkTestingTwo.app; sourceTree = BUILT_PRODUCTS_DIR; };
		C8EA13E51A7F438F00AF902A /* Info.plist */ = {isa = PBXFileReference; lastKnownFileType = text.plist.xml; path = Info.plist; sourceTree = "<group>"; };
		C8EA13E61A7F438F00AF902A /* main.m */ = {isa = PBXFileReference; lastKnownFileType = sourcecode.c.objc; path = main.m; sourceTree = "<group>"; };
		C8EA13E81A7F438F00AF902A /* AppDelegate.h */ = {isa = PBXFileReference; lastKnownFileType = sourcecode.c.h; path = AppDelegate.h; sourceTree = "<group>"; };
		C8EA13E91A7F438F00AF902A /* AppDelegate.m */ = {isa = PBXFileReference; lastKnownFileType = sourcecode.c.objc; path = AppDelegate.m; sourceTree = "<group>"; };
		C8EA13EF1A7F438F00AF902A /* Base */ = {isa = PBXFileReference; lastKnownFileType = file.storyboard; name = Base; path = Base.lproj/Main.storyboard; sourceTree = "<group>"; };
		C8EA13FA1A7F438F00AF902A /* RinkTalkTestingTwoTests.xctest */ = {isa = PBXFileReference; explicitFileType = wrapper.cfbundle; includeInIndex = 0; path = RinkTalkTestingTwoTests.xctest; sourceTree = BUILT_PRODUCTS_DIR; };
		C8EA13FF1A7F438F00AF902A /* Info.plist */ = {isa = PBXFileReference; lastKnownFileType = text.plist.xml; path = Info.plist; sourceTree = "<group>"; };
		C8EA14001A7F438F00AF902A /* RinkTalkTestingTwoTests.m */ = {isa = PBXFileReference; lastKnownFileType = sourcecode.c.objc; path = RinkTalkTestingTwoTests.m; sourceTree = "<group>"; };
		C8EA140A1A7F473900AF902A /* RecordEventViewController.h */ = {isa = PBXFileReference; fileEncoding = 4; lastKnownFileType = sourcecode.c.h; path = RecordEventViewController.h; sourceTree = "<group>"; };
		C8EA140B1A7F473900AF902A /* RecordEventViewController.m */ = {isa = PBXFileReference; fileEncoding = 4; lastKnownFileType = sourcecode.c.objc; path = RecordEventViewController.m; sourceTree = "<group>"; };
		C8EA140D1A7F49D800AF902A /* EventsListViewController.h */ = {isa = PBXFileReference; fileEncoding = 4; lastKnownFileType = sourcecode.c.h; path = EventsListViewController.h; sourceTree = "<group>"; };
		C8EA140E1A7F49D900AF902A /* EventsListViewController.m */ = {isa = PBXFileReference; fileEncoding = 4; lastKnownFileType = sourcecode.c.objc; path = EventsListViewController.m; sourceTree = "<group>"; };
		C8EA14101A7F4AA300AF902A /* Parse.framework */ = {isa = PBXFileReference; lastKnownFileType = wrapper.framework; path = Parse.framework; sourceTree = "<group>"; };
		C8EA14121A7F4AB300AF902A /* Bolts.framework */ = {isa = PBXFileReference; lastKnownFileType = wrapper.framework; path = Bolts.framework; sourceTree = "<group>"; };
		C8EA14141A7F4AD400AF902A /* AudioToolbox.framework */ = {isa = PBXFileReference; lastKnownFileType = wrapper.framework; name = AudioToolbox.framework; path = System/Library/Frameworks/AudioToolbox.framework; sourceTree = SDKROOT; };
		C8EA14161A7F4ADF00AF902A /* CFNetwork.framework */ = {isa = PBXFileReference; lastKnownFileType = wrapper.framework; name = CFNetwork.framework; path = System/Library/Frameworks/CFNetwork.framework; sourceTree = SDKROOT; };
		C8EA14181A7F4AED00AF902A /* CoreGraphics.framework */ = {isa = PBXFileReference; lastKnownFileType = wrapper.framework; name = CoreGraphics.framework; path = System/Library/Frameworks/CoreGraphics.framework; sourceTree = SDKROOT; };
		C8EA141A1A7F4AF800AF902A /* CoreLocation.framework */ = {isa = PBXFileReference; lastKnownFileType = wrapper.framework; name = CoreLocation.framework; path = System/Library/Frameworks/CoreLocation.framework; sourceTree = SDKROOT; };
		C8EA141C1A7F4B0100AF902A /* MobileCoreServices.framework */ = {isa = PBXFileReference; lastKnownFileType = wrapper.framework; name = MobileCoreServices.framework; path = System/Library/Frameworks/MobileCoreServices.framework; sourceTree = SDKROOT; };
		C8EA141E1A7F4B0B00AF902A /* QuartzCore.framework */ = {isa = PBXFileReference; lastKnownFileType = wrapper.framework; name = QuartzCore.framework; path = System/Library/Frameworks/QuartzCore.framework; sourceTree = SDKROOT; };
		C8EA14201A7F4B1300AF902A /* Security.framework */ = {isa = PBXFileReference; lastKnownFileType = wrapper.framework; name = Security.framework; path = System/Library/Frameworks/Security.framework; sourceTree = SDKROOT; };
		C8EA14221A7F4B1C00AF902A /* StoreKit.framework */ = {isa = PBXFileReference; lastKnownFileType = wrapper.framework; name = StoreKit.framework; path = System/Library/Frameworks/StoreKit.framework; sourceTree = SDKROOT; };
		C8EA14241A7F4B2500AF902A /* SystemConfiguration.framework */ = {isa = PBXFileReference; lastKnownFileType = wrapper.framework; name = SystemConfiguration.framework; path = System/Library/Frameworks/SystemConfiguration.framework; sourceTree = SDKROOT; };
		C8EA14261A7F4B2D00AF902A /* libz.dylib */ = {isa = PBXFileReference; lastKnownFileType = "compiled.mach-o.dylib"; name = libz.dylib; path = usr/lib/libz.dylib; sourceTree = SDKROOT; };
		C8EA14281A7F4B3C00AF902A /* libsqlite3.dylib */ = {isa = PBXFileReference; lastKnownFileType = "compiled.mach-o.dylib"; name = libsqlite3.dylib; path = usr/lib/libsqlite3.dylib; sourceTree = SDKROOT; };
		C8EA142A1A802BF600AF902A /* Event.h */ = {isa = PBXFileReference; fileEncoding = 4; lastKnownFileType = sourcecode.c.h; path = Event.h; sourceTree = "<group>"; };
		C8EA142B1A802BF600AF902A /* Event.m */ = {isa = PBXFileReference; fileEncoding = 4; lastKnownFileType = sourcecode.c.objc; path = Event.m; sourceTree = "<group>"; };
		C8EA143C1A8C149700AF902A /* Media.xcassets */ = {isa = PBXFileReference; lastKnownFileType = folder.assetcatalog; path = Media.xcassets; sourceTree = "<group>"; };
		C8EA14561A966CE900AF902A /* Launch Screen.xib */ = {isa = PBXFileReference; fileEncoding = 4; lastKnownFileType = file.xib; path = "Launch Screen.xib"; sourceTree = "<group>"; };
/* End PBXFileReference section */

/* Begin PBXFrameworksBuildPhase section */
		C8EA13DE1A7F438F00AF902A /* Frameworks */ = {
			isa = PBXFrameworksBuildPhase;
			buildActionMask = 2147483647;
			files = (
				C8EA14291A7F4B3C00AF902A /* libsqlite3.dylib in Frameworks */,
				C8EA14271A7F4B2D00AF902A /* libz.dylib in Frameworks */,
				C8EA14251A7F4B2500AF902A /* SystemConfiguration.framework in Frameworks */,
				C8EA14231A7F4B1C00AF902A /* StoreKit.framework in Frameworks */,
				C8EA14211A7F4B1300AF902A /* Security.framework in Frameworks */,
				C8EA141F1A7F4B0B00AF902A /* QuartzCore.framework in Frameworks */,
				C8EA141D1A7F4B0100AF902A /* MobileCoreServices.framework in Frameworks */,
				C8EA141B1A7F4AF800AF902A /* CoreLocation.framework in Frameworks */,
				C8EA14191A7F4AED00AF902A /* CoreGraphics.framework in Frameworks */,
				C8EA14171A7F4ADF00AF902A /* CFNetwork.framework in Frameworks */,
				C8EA14151A7F4AD400AF902A /* AudioToolbox.framework in Frameworks */,
				C8EA14111A7F4AA300AF902A /* Parse.framework in Frameworks */,
				C8EA14131A7F4AB300AF902A /* Bolts.framework in Frameworks */,
			);
			runOnlyForDeploymentPostprocessing = 0;
		};
		C8EA13F71A7F438F00AF902A /* Frameworks */ = {
			isa = PBXFrameworksBuildPhase;
			buildActionMask = 2147483647;
			files = (
			);
			runOnlyForDeploymentPostprocessing = 0;
		};
/* End PBXFrameworksBuildPhase section */

/* Begin PBXGroup section */
		BAC1FDE71AD0596200E77405 /* Headers */ = {
			isa = PBXGroup;
			children = (
				C82647C11AD397C600EF4081 /* GameEventsListTableViewController.h */,
				BA5FFD7F1AD08D87000F9508 /* LoginViewController.h */,
				BA6A136E1AD1EBA900FC2429 /* SignUpViewController.h */,
				C8EA140A1A7F473900AF902A /* RecordEventViewController.h */,
				C8EA140D1A7F49D800AF902A /* EventsListViewController.h */,
				BAC1FDE41AD0586900E77405 /* GamesListViewController.h */,
			);
			name = Headers;
			sourceTree = "<group>";
		};
		BAC1FDE81AD05A2600E77405 /* Headers */ = {
			isa = PBXGroup;
			children = (
				C8EA142A1A802BF600AF902A /* Event.h */,
			);
			name = Headers;
			sourceTree = "<group>";
		};
		C8EA13D81A7F438F00AF902A = {
			isa = PBXGroup;
			children = (
				C8EA14531A91766A00AF902A /* Fonts */,
				C8EA14281A7F4B3C00AF902A /* libsqlite3.dylib */,
				C8EA14261A7F4B2D00AF902A /* libz.dylib */,
				C8EA13E31A7F438F00AF902A /* RinkTalkTestingTwo */,
				C8EA13FD1A7F438F00AF902A /* RinkTalkTestingTwoTests */,
				C8EA13E21A7F438F00AF902A /* Products */,
				C8EA142D1A802C2400AF902A /* Frameworks */,
			);
			sourceTree = "<group>";
		};
		C8EA13E21A7F438F00AF902A /* Products */ = {
			isa = PBXGroup;
			children = (
				C8EA13E11A7F438F00AF902A /* RinkTalkTestingTwo.app */,
				C8EA13FA1A7F438F00AF902A /* RinkTalkTestingTwoTests.xctest */,
			);
			name = Products;
			sourceTree = "<group>";
		};
		C8EA13E31A7F438F00AF902A /* RinkTalkTestingTwo */ = {
			isa = PBXGroup;
			children = (
				C8EA142E1A802C4C00AF902A /* View Controllers */,
				C8EA13EE1A7F438F00AF902A /* Main.storyboard */,
				C8EA142F1A802C5E00AF902A /* Models */,
				C8EA13E41A7F438F00AF902A /* Supporting Files */,
			);
			path = RinkTalkTestingTwo;
			sourceTree = "<group>";
		};
		C8EA13E41A7F438F00AF902A /* Supporting Files */ = {
			isa = PBXGroup;
			children = (
				C8EA143C1A8C149700AF902A /* Media.xcassets */,
				C8EA13E81A7F438F00AF902A /* AppDelegate.h */,
				C8EA13E91A7F438F00AF902A /* AppDelegate.m */,
				C8EA13E51A7F438F00AF902A /* Info.plist */,
				C8EA13E61A7F438F00AF902A /* main.m */,
				C8EA14561A966CE900AF902A /* Launch Screen.xib */,
			);
			name = "Supporting Files";
			sourceTree = "<group>";
		};
		C8EA13FD1A7F438F00AF902A /* RinkTalkTestingTwoTests */ = {
			isa = PBXGroup;
			children = (
				C8EA14001A7F438F00AF902A /* RinkTalkTestingTwoTests.m */,
				C8EA13FE1A7F438F00AF902A /* Supporting Files */,
			);
			path = RinkTalkTestingTwoTests;
			sourceTree = "<group>";
		};
		C8EA13FE1A7F438F00AF902A /* Supporting Files */ = {
			isa = PBXGroup;
			children = (
				C8EA13FF1A7F438F00AF902A /* Info.plist */,
			);
			name = "Supporting Files";
			sourceTree = "<group>";
		};
		C8EA142D1A802C2400AF902A /* Frameworks */ = {
			isa = PBXGroup;
			children = (
				C8EA14101A7F4AA300AF902A /* Parse.framework */,
				C8EA14121A7F4AB300AF902A /* Bolts.framework */,
				C8EA14241A7F4B2500AF902A /* SystemConfiguration.framework */,
				C8EA141A1A7F4AF800AF902A /* CoreLocation.framework */,
				C8EA14161A7F4ADF00AF902A /* CFNetwork.framework */,
				C8EA14141A7F4AD400AF902A /* AudioToolbox.framework */,
				C8EA14221A7F4B1C00AF902A /* StoreKit.framework */,
				C8EA14201A7F4B1300AF902A /* Security.framework */,
				C8EA141E1A7F4B0B00AF902A /* QuartzCore.framework */,
				C8EA141C1A7F4B0100AF902A /* MobileCoreServices.framework */,
				C8EA14181A7F4AED00AF902A /* CoreGraphics.framework */,
			);
			name = Frameworks;
			sourceTree = "<group>";
		};
		C8EA142E1A802C4C00AF902A /* View Controllers */ = {
			isa = PBXGroup;
			children = (
				BAC1FDE71AD0596200E77405 /* Headers */,
				C8EA140E1A7F49D900AF902A /* EventsListViewController.m */,
				C82647C21AD397C600EF4081 /* GameEventsListTableViewController.m */,
				C8EA140B1A7F473900AF902A /* RecordEventViewController.m */,
				BA5FFD801AD08D87000F9508 /* LoginViewController.m */,
				BA6A136F1AD1EBA900FC2429 /* SignUpViewController.m */,
				BAC1FDE51AD0586900E77405 /* GamesListViewController.m */,
			);
			name = "View Controllers";
			sourceTree = "<group>";
		};
		C8EA142F1A802C5E00AF902A /* Models */ = {
			isa = PBXGroup;
			children = (
				BAC1FDE81AD05A2600E77405 /* Headers */,
				C8EA142B1A802BF600AF902A /* Event.m */,
			);
			name = Models;
			sourceTree = "<group>";
		};
		C8EA14531A91766A00AF902A /* Fonts */ = {
			isa = PBXGroup;
			children = (
			);
			name = Fonts;
			sourceTree = "<group>";
		};
/* End PBXGroup section */

/* Begin PBXNativeTarget section */
		C8EA13E01A7F438F00AF902A /* RinkTalkTestingTwo */ = {
			isa = PBXNativeTarget;
			buildConfigurationList = C8EA14041A7F438F00AF902A /* Build configuration list for PBXNativeTarget "RinkTalkTestingTwo" */;
			buildPhases = (
				C8EA13DD1A7F438F00AF902A /* Sources */,
				C8EA13DE1A7F438F00AF902A /* Frameworks */,
				C8EA13DF1A7F438F00AF902A /* Resources */,
			);
			buildRules = (
			);
			dependencies = (
			);
			name = RinkTalkTestingTwo;
			productName = RinkTalkTestingTwo;
			productReference = C8EA13E11A7F438F00AF902A /* RinkTalkTestingTwo.app */;
			productType = "com.apple.product-type.application";
		};
		C8EA13F91A7F438F00AF902A /* RinkTalkTestingTwoTests */ = {
			isa = PBXNativeTarget;
			buildConfigurationList = C8EA14071A7F438F00AF902A /* Build configuration list for PBXNativeTarget "RinkTalkTestingTwoTests" */;
			buildPhases = (
				C8EA13F61A7F438F00AF902A /* Sources */,
				C8EA13F71A7F438F00AF902A /* Frameworks */,
				C8EA13F81A7F438F00AF902A /* Resources */,
			);
			buildRules = (
			);
			dependencies = (
				C8EA13FC1A7F438F00AF902A /* PBXTargetDependency */,
			);
			name = RinkTalkTestingTwoTests;
			productName = RinkTalkTestingTwoTests;
			productReference = C8EA13FA1A7F438F00AF902A /* RinkTalkTestingTwoTests.xctest */;
			productType = "com.apple.product-type.bundle.unit-test";
		};
/* End PBXNativeTarget section */

/* Begin PBXProject section */
		C8EA13D91A7F438F00AF902A /* Project object */ = {
			isa = PBXProject;
			attributes = {
				LastUpgradeCheck = 0610;
				ORGANIZATIONNAME = "Frank Avino";
				TargetAttributes = {
					C8EA13E01A7F438F00AF902A = {
						CreatedOnToolsVersion = 6.1.1;
						DevelopmentTeam = W4E2C6X642;
					};
					C8EA13F91A7F438F00AF902A = {
						CreatedOnToolsVersion = 6.1.1;
						TestTargetID = C8EA13E01A7F438F00AF902A;
					};
				};
			};
			buildConfigurationList = C8EA13DC1A7F438F00AF902A /* Build configuration list for PBXProject "RinkTalkTestingTwo" */;
			compatibilityVersion = "Xcode 3.2";
			developmentRegion = English;
			hasScannedForEncodings = 0;
			knownRegions = (
				en,
				Base,
			);
			mainGroup = C8EA13D81A7F438F00AF902A;
			productRefGroup = C8EA13E21A7F438F00AF902A /* Products */;
			projectDirPath = "";
			projectRoot = "";
			targets = (
				C8EA13E01A7F438F00AF902A /* RinkTalkTestingTwo */,
				C8EA13F91A7F438F00AF902A /* RinkTalkTestingTwoTests */,
			);
		};
/* End PBXProject section */

/* Begin PBXResourcesBuildPhase section */
		C8EA13DF1A7F438F00AF902A /* Resources */ = {
			isa = PBXResourcesBuildPhase;
			buildActionMask = 2147483647;
			files = (
				C8EA14571A966CE900AF902A /* Launch Screen.xib in Resources */,
				C8EA13F01A7F438F00AF902A /* Main.storyboard in Resources */,
				C8EA143D1A8C149700AF902A /* Media.xcassets in Resources */,
			);
			runOnlyForDeploymentPostprocessing = 0;
		};
		C8EA13F81A7F438F00AF902A /* Resources */ = {
			isa = PBXResourcesBuildPhase;
			buildActionMask = 2147483647;
			files = (
			);
			runOnlyForDeploymentPostprocessing = 0;
		};
/* End PBXResourcesBuildPhase section */

/* Begin PBXSourcesBuildPhase section */
		C8EA13DD1A7F438F00AF902A /* Sources */ = {
			isa = PBXSourcesBuildPhase;
			buildActionMask = 2147483647;
			files = (
				C82647C31AD397C700EF4081 /* GameEventsListTableViewController.m in Sources */,
				C8EA140C1A7F473900AF902A /* RecordEventViewController.m in Sources */,
				BAC1FDE61AD0586900E77405 /* GamesListViewController.m in Sources */,
				C8EA142C1A802BF600AF902A /* Event.m in Sources */,
				C8EA13EA1A7F438F00AF902A /* AppDelegate.m in Sources */,
				BA5FFD811AD08D87000F9508 /* LoginViewController.m in Sources */,
				C8EA13E71A7F438F00AF902A /* main.m in Sources */,
				BA6A13701AD1EBA900FC2429 /* SignUpViewController.m in Sources */,
				C8EA140F1A7F49D900AF902A /* EventsListViewController.m in Sources */,
			);
			runOnlyForDeploymentPostprocessing = 0;
		};
		C8EA13F61A7F438F00AF902A /* Sources */ = {
			isa = PBXSourcesBuildPhase;
			buildActionMask = 2147483647;
			files = (
				C8EA14011A7F438F00AF902A /* RinkTalkTestingTwoTests.m in Sources */,
			);
			runOnlyForDeploymentPostprocessing = 0;
		};
/* End PBXSourcesBuildPhase section */

/* Begin PBXTargetDependency section */
		C8EA13FC1A7F438F00AF902A /* PBXTargetDependency */ = {
			isa = PBXTargetDependency;
			target = C8EA13E01A7F438F00AF902A /* RinkTalkTestingTwo */;
			targetProxy = C8EA13FB1A7F438F00AF902A /* PBXContainerItemProxy */;
		};
/* End PBXTargetDependency section */

/* Begin PBXVariantGroup section */
		C8EA13EE1A7F438F00AF902A /* Main.storyboard */ = {
			isa = PBXVariantGroup;
			children = (
				C8EA13EF1A7F438F00AF902A /* Base */,
			);
			name = Main.storyboard;
			sourceTree = "<group>";
		};
/* End PBXVariantGroup section */

/* Begin XCBuildConfiguration section */
		C8EA14021A7F438F00AF902A /* Debug */ = {
			isa = XCBuildConfiguration;
			buildSettings = {
				ALWAYS_SEARCH_USER_PATHS = NO;
				CLANG_CXX_LANGUAGE_STANDARD = "gnu++0x";
				CLANG_CXX_LIBRARY = "libc++";
				CLANG_ENABLE_MODULES = YES;
				CLANG_ENABLE_OBJC_ARC = YES;
				CLANG_WARN_BOOL_CONVERSION = YES;
				CLANG_WARN_CONSTANT_CONVERSION = YES;
				CLANG_WARN_DIRECT_OBJC_ISA_USAGE = YES_ERROR;
				CLANG_WARN_EMPTY_BODY = YES;
				CLANG_WARN_ENUM_CONVERSION = YES;
				CLANG_WARN_INT_CONVERSION = YES;
				CLANG_WARN_OBJC_ROOT_CLASS = YES_ERROR;
				CLANG_WARN_UNREACHABLE_CODE = YES;
				CLANG_WARN__DUPLICATE_METHOD_MATCH = YES;
				"CODE_SIGN_IDENTITY[sdk=iphoneos*]" = "iPhone Developer";
				COPY_PHASE_STRIP = NO;
				ENABLE_STRICT_OBJC_MSGSEND = YES;
				GCC_C_LANGUAGE_STANDARD = gnu99;
				GCC_DYNAMIC_NO_PIC = NO;
				GCC_OPTIMIZATION_LEVEL = 0;
				GCC_PREPROCESSOR_DEFINITIONS = (
					"DEBUG=1",
					"$(inherited)",
				);
				GCC_SYMBOLS_PRIVATE_EXTERN = NO;
				GCC_WARN_64_TO_32_BIT_CONVERSION = YES;
				GCC_WARN_ABOUT_RETURN_TYPE = YES_ERROR;
				GCC_WARN_UNDECLARED_SELECTOR = YES;
				GCC_WARN_UNINITIALIZED_AUTOS = YES_AGGRESSIVE;
				GCC_WARN_UNUSED_FUNCTION = YES;
				GCC_WARN_UNUSED_VARIABLE = YES;
				IPHONEOS_DEPLOYMENT_TARGET = 8.1;
				MTL_ENABLE_DEBUG_INFO = YES;
				ONLY_ACTIVE_ARCH = YES;
				SDKROOT = iphoneos;
			};
			name = Debug;
		};
		C8EA14031A7F438F00AF902A /* Release */ = {
			isa = XCBuildConfiguration;
			buildSettings = {
				ALWAYS_SEARCH_USER_PATHS = NO;
				CLANG_CXX_LANGUAGE_STANDARD = "gnu++0x";
				CLANG_CXX_LIBRARY = "libc++";
				CLANG_ENABLE_MODULES = YES;
				CLANG_ENABLE_OBJC_ARC = YES;
				CLANG_WARN_BOOL_CONVERSION = YES;
				CLANG_WARN_CONSTANT_CONVERSION = YES;
				CLANG_WARN_DIRECT_OBJC_ISA_USAGE = YES_ERROR;
				CLANG_WARN_EMPTY_BODY = YES;
				CLANG_WARN_ENUM_CONVERSION = YES;
				CLANG_WARN_INT_CONVERSION = YES;
				CLANG_WARN_OBJC_ROOT_CLASS = YES_ERROR;
				CLANG_WARN_UNREACHABLE_CODE = YES;
				CLANG_WARN__DUPLICATE_METHOD_MATCH = YES;
				"CODE_SIGN_IDENTITY[sdk=iphoneos*]" = "iPhone Developer";
				COPY_PHASE_STRIP = YES;
				ENABLE_NS_ASSERTIONS = NO;
				ENABLE_STRICT_OBJC_MSGSEND = YES;
				GCC_C_LANGUAGE_STANDARD = gnu99;
				GCC_WARN_64_TO_32_BIT_CONVERSION = YES;
				GCC_WARN_ABOUT_RETURN_TYPE = YES_ERROR;
				GCC_WARN_UNDECLARED_SELECTOR = YES;
				GCC_WARN_UNINITIALIZED_AUTOS = YES_AGGRESSIVE;
				GCC_WARN_UNUSED_FUNCTION = YES;
				GCC_WARN_UNUSED_VARIABLE = YES;
				IPHONEOS_DEPLOYMENT_TARGET = 8.1;
				MTL_ENABLE_DEBUG_INFO = NO;
				SDKROOT = iphoneos;
				VALIDATE_PRODUCT = YES;
			};
			name = Release;
		};
		C8EA14051A7F438F00AF902A /* Debug */ = {
			isa = XCBuildConfiguration;
			buildSettings = {
				ASSETCATALOG_COMPILER_APPICON_NAME = AppIcon;
				ASSETCATALOG_COMPILER_LAUNCHIMAGE_NAME = LaunchImage;
				CODE_SIGN_IDENTITY = "iPhone Developer";
				"CODE_SIGN_IDENTITY[sdk=iphoneos*]" = "iPhone Developer";
				FRAMEWORK_SEARCH_PATHS = (
					"$(inherited)",
					"$(PROJECT_DIR)",
				);
				INFOPLIST_FILE = RinkTalkTestingTwo/Info.plist;
				LD_RUNPATH_SEARCH_PATHS = "$(inherited) @executable_path/Frameworks";
				PRODUCT_NAME = "$(TARGET_NAME)";
				PROVISIONING_PROFILE = "";
			};
			name = Debug;
		};
		C8EA14061A7F438F00AF902A /* Release */ = {
			isa = XCBuildConfiguration;
			buildSettings = {
				ASSETCATALOG_COMPILER_APPICON_NAME = AppIcon;
				ASSETCATALOG_COMPILER_LAUNCHIMAGE_NAME = LaunchImage;
				CODE_SIGN_IDENTITY = "iPhone Developer";
				"CODE_SIGN_IDENTITY[sdk=iphoneos*]" = "iPhone Developer";
				FRAMEWORK_SEARCH_PATHS = (
					"$(inherited)",
					"$(PROJECT_DIR)",
				);
				INFOPLIST_FILE = RinkTalkTestingTwo/Info.plist;
				LD_RUNPATH_SEARCH_PATHS = "$(inherited) @executable_path/Frameworks";
				PRODUCT_NAME = "$(TARGET_NAME)";
				PROVISIONING_PROFILE = "";
			};
			name = Release;
		};
		C8EA14081A7F438F00AF902A /* Debug */ = {
			isa = XCBuildConfiguration;
			buildSettings = {
				BUNDLE_LOADER = "$(TEST_HOST)";
				FRAMEWORK_SEARCH_PATHS = (
					"$(SDKROOT)/Developer/Library/Frameworks",
					"$(inherited)",
				);
				GCC_PREPROCESSOR_DEFINITIONS = (
					"DEBUG=1",
					"$(inherited)",
				);
				INFOPLIST_FILE = RinkTalkTestingTwoTests/Info.plist;
				LD_RUNPATH_SEARCH_PATHS = "$(inherited) @executable_path/Frameworks @loader_path/Frameworks";
				PRODUCT_NAME = "$(TARGET_NAME)";
				TEST_HOST = "$(BUILT_PRODUCTS_DIR)/RinkTalkTestingTwo.app/RinkTalkTestingTwo";
			};
			name = Debug;
		};
		C8EA14091A7F438F00AF902A /* Release */ = {
			isa = XCBuildConfiguration;
			buildSettings = {
				BUNDLE_LOADER = "$(TEST_HOST)";
				FRAMEWORK_SEARCH_PATHS = (
					"$(SDKROOT)/Developer/Library/Frameworks",
					"$(inherited)",
				);
				INFOPLIST_FILE = RinkTalkTestingTwoTests/Info.plist;
				LD_RUNPATH_SEARCH_PATHS = "$(inherited) @executable_path/Frameworks @loader_path/Frameworks";
				PRODUCT_NAME = "$(TARGET_NAME)";
				TEST_HOST = "$(BUILT_PRODUCTS_DIR)/RinkTalkTestingTwo.app/RinkTalkTestingTwo";
			};
			name = Release;
		};
/* End XCBuildConfiguration section */

/* Begin XCConfigurationList section */
		C8EA13DC1A7F438F00AF902A /* Build configuration list for PBXProject "RinkTalkTestingTwo" */ = {
			isa = XCConfigurationList;
			buildConfigurations = (
				C8EA14021A7F438F00AF902A /* Debug */,
				C8EA14031A7F438F00AF902A /* Release */,
			);
			defaultConfigurationIsVisible = 0;
			defaultConfigurationName = Release;
		};
		C8EA14041A7F438F00AF902A /* Build configuration list for PBXNativeTarget "RinkTalkTestingTwo" */ = {
			isa = XCConfigurationList;
			buildConfigurations = (
				C8EA14051A7F438F00AF902A /* Debug */,
				C8EA14061A7F438F00AF902A /* Release */,
			);
			defaultConfigurationIsVisible = 0;
			defaultConfigurationName = Release;
		};
		C8EA14071A7F438F00AF902A /* Build configuration list for PBXNativeTarget "RinkTalkTestingTwoTests" */ = {
			isa = XCConfigurationList;
			buildConfigurations = (
				C8EA14081A7F438F00AF902A /* Debug */,
				C8EA14091A7F438F00AF902A /* Release */,
			);
			defaultConfigurationIsVisible = 0;
			defaultConfigurationName = Release;
		};
/* End XCConfigurationList section */
	};
	rootObject = C8EA13D91A7F438F00AF902A /* Project object */;
}
